// !$*UTF8*$!
{
	archiveVersion = 1;
	classes = {
	};
	objectVersion = 46;
	objects = {

/* Begin PBXBuildFile section */
		5FEFA7161B217C9400DC3DA0 /* main.m in Sources */ = {isa = PBXBuildFile; fileRef = 5FEFA7151B217C9400DC3DA0 /* main.m */; };
		5FEFA7191B217C9400DC3DA0 /* AppDelegate.m in Sources */ = {isa = PBXBuildFile; fileRef = 5FEFA7181B217C9400DC3DA0 /* AppDelegate.m */; };
		5FEFA71C1B217C9400DC3DA0 /* ViewController.m in Sources */ = {isa = PBXBuildFile; fileRef = 5FEFA71B1B217C9400DC3DA0 /* ViewController.m */; };
		5FEFA71F1B217C9400DC3DA0 /* Main.storyboard in Resources */ = {isa = PBXBuildFile; fileRef = 5FEFA71D1B217C9400DC3DA0 /* Main.storyboard */; };
		5FEFA7211B217C9400DC3DA0 /* Images.xcassets in Resources */ = {isa = PBXBuildFile; fileRef = 5FEFA7201B217C9400DC3DA0 /* Images.xcassets */; };
		5FEFA7241B217C9400DC3DA0 /* LaunchScreen.xib in Resources */ = {isa = PBXBuildFile; fileRef = 5FEFA7221B217C9400DC3DA0 /* LaunchScreen.xib */; };
		5FEFA7301B217C9400DC3DA0 /* KYTilePhotoLayout_DemoTests.m in Sources */ = {isa = PBXBuildFile; fileRef = 5FEFA72F1B217C9400DC3DA0 /* KYTilePhotoLayout_DemoTests.m */; };
/* End PBXBuildFile section */

/* Begin PBXContainerItemProxy section */
		5FEFA72A1B217C9400DC3DA0 /* PBXContainerItemProxy */ = {
			isa = PBXContainerItemProxy;
			containerPortal = 5FEFA7081B217C9400DC3DA0 /* Project object */;
			proxyType = 1;
			remoteGlobalIDString = 5FEFA70F1B217C9400DC3DA0;
			remoteInfo = "KYTilePhotoLayout-Demo";
		};
/* End PBXContainerItemProxy section */

/* Begin PBXFileReference section */
		5FEFA7101B217C9400DC3DA0 /* KYTilePhotoLayout-Demo.app */ = {isa = PBXFileReference; explicitFileType = wrapper.application; includeInIndex = 0; path = "KYTilePhotoLayout-Demo.app"; sourceTree = BUILT_PRODUCTS_DIR; };
		5FEFA7141B217C9400DC3DA0 /* Info.plist */ = {isa = PBXFileReference; lastKnownFileType = text.plist.xml; path = Info.plist; sourceTree = "<group>"; };
		5FEFA7151B217C9400DC3DA0 /* main.m */ = {isa = PBXFileReference; lastKnownFileType = sourcecode.c.objc; path = main.m; sourceTree = "<group>"; };
		5FEFA7171B217C9400DC3DA0 /* AppDelegate.h */ = {isa = PBXFileReference; lastKnownFileType = sourcecode.c.h; path = AppDelegate.h; sourceTree = "<group>"; };
		5FEFA7181B217C9400DC3DA0 /* AppDelegate.m */ = {isa = PBXFileReference; lastKnownFileType = sourcecode.c.objc; path = AppDelegate.m; sourceTree = "<group>"; };
		5FEFA71A1B217C9400DC3DA0 /* ViewController.h */ = {isa = PBXFileReference; lastKnownFileType = sourcecode.c.h; path = ViewController.h; sourceTree = "<group>"; };
		5FEFA71B1B217C9400DC3DA0 /* ViewController.m */ = {isa = PBXFileReference; lastKnownFileType = sourcecode.c.objc; path = ViewController.m; sourceTree = "<group>"; };
		5FEFA71E1B217C9400DC3DA0 /* Base */ = {isa = PBXFileReference; lastKnownFileType = file.storyboard; name = Base; path = Base.lproj/Main.storyboard; sourceTree = "<group>"; };
		5FEFA7201B217C9400DC3DA0 /* Images.xcassets */ = {isa = PBXFileReference; lastKnownFileType = folder.assetcatalog; path = Images.xcassets; sourceTree = "<group>"; };
		5FEFA7231B217C9400DC3DA0 /* Base */ = {isa = PBXFileReference; lastKnownFileType = file.xib; name = Base; path = Base.lproj/LaunchScreen.xib; sourceTree = "<group>"; };
		5FEFA7291B217C9400DC3DA0 /* KYTilePhotoLayout-DemoTests.xctest */ = {isa = PBXFileReference; explicitFileType = wrapper.cfbundle; includeInIndex = 0; path = "KYTilePhotoLayout-DemoTests.xctest"; sourceTree = BUILT_PRODUCTS_DIR; };
		5FEFA72E1B217C9400DC3DA0 /* Info.plist */ = {isa = PBXFileReference; lastKnownFileType = text.plist.xml; path = Info.plist; sourceTree = "<group>"; };
		5FEFA72F1B217C9400DC3DA0 /* KYTilePhotoLayout_DemoTests.m */ = {isa = PBXFileReference; lastKnownFileType = sourcecode.c.objc; path = KYTilePhotoLayout_DemoTests.m; sourceTree = "<group>"; };
/* End PBXFileReference section */

/* Begin PBXFrameworksBuildPhase section */
		5FEFA70D1B217C9400DC3DA0 /* Frameworks */ = {
			isa = PBXFrameworksBuildPhase;
			buildActionMask = 2147483647;
			files = (
			);
			runOnlyForDeploymentPostprocessing = 0;
		};
		5FEFA7261B217C9400DC3DA0 /* Frameworks */ = {
			isa = PBXFrameworksBuildPhase;
			buildActionMask = 2147483647;
			files = (
			);
			runOnlyForDeploymentPostprocessing = 0;
		};
/* End PBXFrameworksBuildPhase section */

/* Begin PBXGroup section */
		5FEFA7071B217C9400DC3DA0 = {
			isa = PBXGroup;
			children = (
				5FEFA7121B217C9400DC3DA0 /* KYTilePhotoLayout-Demo */,
				5FEFA72C1B217C9400DC3DA0 /* KYTilePhotoLayout-DemoTests */,
				5FEFA7111B217C9400DC3DA0 /* Products */,
			);
			sourceTree = "<group>";
		};
		5FEFA7111B217C9400DC3DA0 /* Products */ = {
			isa = PBXGroup;
			children = (
				5FEFA7101B217C9400DC3DA0 /* KYTilePhotoLayout-Demo.app */,
				5FEFA7291B217C9400DC3DA0 /* KYTilePhotoLayout-DemoTests.xctest */,
			);
			name = Products;
			sourceTree = "<group>";
		};
		5FEFA7121B217C9400DC3DA0 /* KYTilePhotoLayout-Demo */ = {
			isa = PBXGroup;
			children = (
				5FEFA7171B217C9400DC3DA0 /* AppDelegate.h */,
				5FEFA7181B217C9400DC3DA0 /* AppDelegate.m */,
				5FEFA71A1B217C9400DC3DA0 /* ViewController.h */,
				5FEFA71B1B217C9400DC3DA0 /* ViewController.m */,
				5FEFA71D1B217C9400DC3DA0 /* Main.storyboard */,
				5FEFA7201B217C9400DC3DA0 /* Images.xcassets */,
				5FEFA7221B217C9400DC3DA0 /* LaunchScreen.xib */,
				5FEFA7131B217C9400DC3DA0 /* Supporting Files */,
			);
			path = "KYTilePhotoLayout-Demo";
			sourceTree = "<group>";
		};
		5FEFA7131B217C9400DC3DA0 /* Supporting Files */ = {
			isa = PBXGroup;
			children = (
				5FEFA7141B217C9400DC3DA0 /* Info.plist */,
				5FEFA7151B217C9400DC3DA0 /* main.m */,
			);
			name = "Supporting Files";
			sourceTree = "<group>";
		};
		5FEFA72C1B217C9400DC3DA0 /* KYTilePhotoLayout-DemoTests */ = {
			isa = PBXGroup;
			children = (
				5FEFA72F1B217C9400DC3DA0 /* KYTilePhotoLayout_DemoTests.m */,
				5FEFA72D1B217C9400DC3DA0 /* Supporting Files */,
			);
			path = "KYTilePhotoLayout-DemoTests";
			sourceTree = "<group>";
		};
		5FEFA72D1B217C9400DC3DA0 /* Supporting Files */ = {
			isa = PBXGroup;
			children = (
				5FEFA72E1B217C9400DC3DA0 /* Info.plist */,
			);
			name = "Supporting Files";
			sourceTree = "<group>";
		};
/* End PBXGroup section */

/* Begin PBXNativeTarget section */
		5FEFA70F1B217C9400DC3DA0 /* KYTilePhotoLayout-Demo */ = {
			isa = PBXNativeTarget;
			buildConfigurationList = 5FEFA7331B217C9400DC3DA0 /* Build configuration list for PBXNativeTarget "KYTilePhotoLayout-Demo" */;
			buildPhases = (
				5FEFA70C1B217C9400DC3DA0 /* Sources */,
				5FEFA70D1B217C9400DC3DA0 /* Frameworks */,
				5FEFA70E1B217C9400DC3DA0 /* Resources */,
			);
			buildRules = (
			);
			dependencies = (
			);
			name = "KYTilePhotoLayout-Demo";
			productName = "KYTilePhotoLayout-Demo";
			productReference = 5FEFA7101B217C9400DC3DA0 /* KYTilePhotoLayout-Demo.app */;
			productType = "com.apple.product-type.application";
		};
		5FEFA7281B217C9400DC3DA0 /* KYTilePhotoLayout-DemoTests */ = {
			isa = PBXNativeTarget;
			buildConfigurationList = 5FEFA7361B217C9400DC3DA0 /* Build configuration list for PBXNativeTarget "KYTilePhotoLayout-DemoTests" */;
			buildPhases = (
				5FEFA7251B217C9400DC3DA0 /* Sources */,
				5FEFA7261B217C9400DC3DA0 /* Frameworks */,
				5FEFA7271B217C9400DC3DA0 /* Resources */,
			);
			buildRules = (
			);
			dependencies = (
				5FEFA72B1B217C9400DC3DA0 /* PBXTargetDependency */,
			);
			name = "KYTilePhotoLayout-DemoTests";
			productName = "KYTilePhotoLayout-DemoTests";
			productReference = 5FEFA7291B217C9400DC3DA0 /* KYTilePhotoLayout-DemoTests.xctest */;
			productType = "com.apple.product-type.bundle.unit-test";
		};
/* End PBXNativeTarget section */

/* Begin PBXProject section */
		5FEFA7081B217C9400DC3DA0 /* Project object */ = {
			isa = PBXProject;
			attributes = {
				LastUpgradeCheck = 0630;
				ORGANIZATIONNAME = "Kitten Yang";
				TargetAttributes = {
					5FEFA70F1B217C9400DC3DA0 = {
						CreatedOnToolsVersion = 6.3;
					};
					5FEFA7281B217C9400DC3DA0 = {
						CreatedOnToolsVersion = 6.3;
						TestTargetID = 5FEFA70F1B217C9400DC3DA0;
					};
				};
			};
			buildConfigurationList = 5FEFA70B1B217C9400DC3DA0 /* Build configuration list for PBXProject "KYTilePhotoLayout-Demo" */;
			compatibilityVersion = "Xcode 3.2";
			developmentRegion = English;
			hasScannedForEncodings = 0;
			knownRegions = (
				en,
				Base,
			);
			mainGroup = 5FEFA7071B217C9400DC3DA0;
			productRefGroup = 5FEFA7111B217C9400DC3DA0 /* Products */;
			projectDirPath = "";
			projectRoot = "";
			targets = (
				5FEFA70F1B217C9400DC3DA0 /* KYTilePhotoLayout-Demo */,
				5FEFA7281B217C9400DC3DA0 /* KYTilePhotoLayout-DemoTests */,
			);
		};
/* End PBXProject section */

/* Begin PBXResourcesBuildPhase section */
		5FEFA70E1B217C9400DC3DA0 /* Resources */ = {
			isa = PBXResourcesBuildPhase;
			buildActionMask = 2147483647;
			files = (
				5FEFA71F1B217C9400DC3DA0 /* Main.storyboard in Resources */,
				5FEFA7241B217C9400DC3DA0 /* LaunchScreen.xib in Resources */,
				5FEFA7211B217C9400DC3DA0 /* Images.xcassets in Resources */,
			);
			runOnlyForDeploymentPostprocessing = 0;
		};
		5FEFA7271B217C9400DC3DA0 /* Resources */ = {
			isa = PBXResourcesBuildPhase;
			buildActionMask = 2147483647;
			files = (
			);
			runOnlyForDeploymentPostprocessing = 0;
		};
/* End PBXResourcesBuildPhase section */

/* Begin PBXSourcesBuildPhase section */
		5FEFA70C1B217C9400DC3DA0 /* Sources */ = {
			isa = PBXSourcesBuildPhase;
			buildActionMask = 2147483647;
			files = (
				5FEFA71C1B217C9400DC3DA0 /* ViewController.m in Sources */,
				5FEFA7191B217C9400DC3DA0 /* AppDelegate.m in Sources */,
				5FEFA7161B217C9400DC3DA0 /* main.m in Sources */,
			);
			runOnlyForDeploymentPostprocessing = 0;
		};
		5FEFA7251B217C9400DC3DA0 /* Sources */ = {
			isa = PBXSourcesBuildPhase;
			buildActionMask = 2147483647;
			files = (
				5FEFA7301B217C9400DC3DA0 /* KYTilePhotoLayout_DemoTests.m in Sources */,
			);
			runOnlyForDeploymentPostprocessing = 0;
		};
/* End PBXSourcesBuildPhase section */

/* Begin PBXTargetDependency section */
		5FEFA72B1B217C9400DC3DA0 /* PBXTargetDependency */ = {
			isa = PBXTargetDependency;
			target = 5FEFA70F1B217C9400DC3DA0 /* KYTilePhotoLayout-Demo */;
			targetProxy = 5FEFA72A1B217C9400DC3DA0 /* PBXContainerItemProxy */;
		};
/* End PBXTargetDependency section */

/* Begin PBXVariantGroup section */
		5FEFA71D1B217C9400DC3DA0 /* Main.storyboard */ = {
			isa = PBXVariantGroup;
			children = (
				5FEFA71E1B217C9400DC3DA0 /* Base */,
			);
			name = Main.storyboard;
			sourceTree = "<group>";
		};
		5FEFA7221B217C9400DC3DA0 /* LaunchScreen.xib */ = {
			isa = PBXVariantGroup;
			children = (
				5FEFA7231B217C9400DC3DA0 /* Base */,
			);
			name = LaunchScreen.xib;
			sourceTree = "<group>";
		};
/* End PBXVariantGroup section */

/* Begin XCBuildConfiguration section */
		5FEFA7311B217C9400DC3DA0 /* Debug */ = {
			isa = XCBuildConfiguration;
			buildSettings = {
				ALWAYS_SEARCH_USER_PATHS = NO;
				CLANG_CXX_LANGUAGE_STANDARD = "gnu++0x";
				CLANG_CXX_LIBRARY = "libc++";
				CLANG_ENABLE_MODULES = YES;
				CLANG_ENABLE_OBJC_ARC = YES;
				CLANG_WARN_BOOL_CONVERSION = YES;
				CLANG_WARN_CONSTANT_CONVERSION = YES;
				CLANG_WARN_DIRECT_OBJC_ISA_USAGE = YES_ERROR;
				CLANG_WARN_EMPTY_BODY = YES;
				CLANG_WARN_ENUM_CONVERSION = YES;
				CLANG_WARN_INT_CONVERSION = YES;
				CLANG_WARN_OBJC_ROOT_CLASS = YES_ERROR;
				CLANG_WARN_UNREACHABLE_CODE = YES;
				CLANG_WARN__DUPLICATE_METHOD_MATCH = YES;
				"CODE_SIGN_IDENTITY[sdk=iphoneos*]" = "iPhone Developer";
				COPY_PHASE_STRIP = NO;
				DEBUG_INFORMATION_FORMAT = "dwarf-with-dsym";
				ENABLE_STRICT_OBJC_MSGSEND = YES;
				GCC_C_LANGUAGE_STANDARD = gnu99;
				GCC_DYNAMIC_NO_PIC = NO;
				GCC_NO_COMMON_BLOCKS = YES;
				GCC_OPTIMIZATION_LEVEL = 0;
				GCC_PREPROCESSOR_DEFINITIONS = (
					"DEBUG=1",
					"$(inherited)",
				);
				GCC_SYMBOLS_PRIVATE_EXTERN = NO;
				GCC_WARN_64_TO_32_BIT_CONVERSION = YES;
				GCC_WARN_ABOUT_RETURN_TYPE = YES_ERROR;
				GCC_WARN_UNDECLARED_SELECTOR = YES;
				GCC_WARN_UNINITIALIZED_AUTOS = YES_AGGRESSIVE;
				GCC_WARN_UNUSED_FUNCTION = YES;
				GCC_WARN_UNUSED_VARIABLE = YES;
				IPHONEOS_DEPLOYMENT_TARGET = 8.3;
				MTL_ENABLE_DEBUG_INFO = YES;
				ONLY_ACTIVE_ARCH = YES;
				SDKROOT = iphoneos;
				TARGETED_DEVICE_FAMILY = "1,2";
			};
			name = Debug;
		};
		5FEFA7321B217C9400DC3DA0 /* Release */ = {
			isa = XCBuildConfiguration;
			buildSettings = {
				ALWAYS_SEARCH_USER_PATHS = NO;
				CLANG_CXX_LANGUAGE_STANDARD = "gnu++0x";
				CLANG_CXX_LIBRARY = "libc++";
				CLANG_ENABLE_MODULES = YES;
				CLANG_ENABLE_OBJC_ARC = YES;
				CLANG_WARN_BOOL_CONVERSION = YES;
				CLANG_WARN_CONSTANT_CONVERSION = YES;
				CLANG_WARN_DIRECT_OBJC_ISA_USAGE = YES_ERROR;
				CLANG_WARN_EMPTY_BODY = YES;
				CLANG_WARN_ENUM_CONVERSION = YES;
				CLANG_WARN_INT_CONVERSION = YES;
				CLANG_WARN_OBJC_ROOT_CLASS = YES_ERROR;
				CLANG_WARN_UNREACHABLE_CODE = YES;
				CLANG_WARN__DUPLICATE_METHOD_MATCH = YES;
				"CODE_SIGN_IDENTITY[sdk=iphoneos*]" = "iPhone Developer";
				COPY_PHASE_STRIP = NO;
				DEBUG_INFORMATION_FORMAT = "dwarf-with-dsym";
				ENABLE_NS_ASSERTIONS = NO;
				ENABLE_STRICT_OBJC_MSGSEND = YES;
				GCC_C_LANGUAGE_STANDARD = gnu99;
				GCC_NO_COMMON_BLOCKS = YES;
				GCC_WARN_64_TO_32_BIT_CONVERSION = YES;
				GCC_WARN_ABOUT_RETURN_TYPE = YES_ERROR;
				GCC_WARN_UNDECLARED_SELECTOR = YES;
				GCC_WARN_UNINITIALIZED_AUTOS = YES_AGGRESSIVE;
				GCC_WARN_UNUSED_FUNCTION = YES;
				GCC_WARN_UNUSED_VARIABLE = YES;
				IPHONEOS_DEPLOYMENT_TARGET = 8.3;
				MTL_ENABLE_DEBUG_INFO = NO;
				SDKROOT = iphoneos;
				TARGETED_DEVICE_FAMILY = "1,2";
				VALIDATE_PRODUCT = YES;
			};
			name = Release;
		};
		5FEFA7341B217C9400DC3DA0 /* Debug */ = {
			isa = XCBuildConfiguration;
			buildSettings = {
				ASSETCATALOG_COMPILER_APPICON_NAME = AppIcon;
				INFOPLIST_FILE = "KYTilePhotoLayout-Demo/Info.plist";
				LD_RUNPATH_SEARCH_PATHS = "$(inherited) @executable_path/Frameworks";
				PRODUCT_NAME = "$(TARGET_NAME)";
			};
			name = Debug;
		};
		5FEFA7351B217C9400DC3DA0 /* Release */ = {
			isa = XCBuildConfiguration;
			buildSettings = {
				ASSETCATALOG_COMPILER_APPICON_NAME = AppIcon;
				INFOPLIST_FILE = "KYTilePhotoLayout-Demo/Info.plist";
				LD_RUNPATH_SEARCH_PATHS = "$(inherited) @executable_path/Frameworks";
				PRODUCT_NAME = "$(TARGET_NAME)";
			};
			name = Release;
		};
		5FEFA7371B217C9400DC3DA0 /* Debug */ = {
			isa = XCBuildConfiguration;
			buildSettings = {
				BUNDLE_LOADER = "$(TEST_HOST)";
				FRAMEWORK_SEARCH_PATHS = (
					"$(SDKROOT)/Developer/Library/Frameworks",
					"$(inherited)",
				);
				GCC_PREPROCESSOR_DEFINITIONS = (
					"DEBUG=1",
					"$(inherited)",
				);
				INFOPLIST_FILE = "KYTilePhotoLayout-DemoTests/Info.plist";
				LD_RUNPATH_SEARCH_PATHS = "$(inherited) @executable_path/Frameworks @loader_path/Frameworks";
				PRODUCT_NAME = "$(TARGET_NAME)";
				TEST_HOST = "$(BUILT_PRODUCTS_DIR)/KYTilePhotoLayout-Demo.app/KYTilePhotoLayout-Demo";
			};
			name = Debug;
		};
		5FEFA7381B217C9400DC3DA0 /* Release */ = {
			isa = XCBuildConfiguration;
			buildSettings = {
				BUNDLE_LOADER = "$(TEST_HOST)";
				FRAMEWORK_SEARCH_PATHS = (
					"$(SDKROOT)/Developer/Library/Frameworks",
					"$(inherited)",
				);
				INFOPLIST_FILE = "KYTilePhotoLayout-DemoTests/Info.plist";
				LD_RUNPATH_SEARCH_PATHS = "$(inherited) @executable_path/Frameworks @loader_path/Frameworks";
				PRODUCT_NAME = "$(TARGET_NAME)";
				TEST_HOST = "$(BUILT_PRODUCTS_DIR)/KYTilePhotoLayout-Demo.app/KYTilePhotoLayout-Demo";
			};
			name = Release;
		};
/* End XCBuildConfiguration section */

/* Begin XCConfigurationList section */
		5FEFA70B1B217C9400DC3DA0 /* Build configuration list for PBXProject "KYTilePhotoLayout-Demo" */ = {
			isa = XCConfigurationList;
			buildConfigurations = (
				5FEFA7311B217C9400DC3DA0 /* Debug */,
				5FEFA7321B217C9400DC3DA0 /* Release */,
			);
			defaultConfigurationIsVisible = 0;
			defaultConfigurationName = Release;
		};
		5FEFA7331B217C9400DC3DA0 /* Build configuration list for PBXNativeTarget "KYTilePhotoLayout-Demo" */ = {
			isa = XCConfigurationList;
			buildConfigurations = (
				5FEFA7341B217C9400DC3DA0 /* Debug */,
				5FEFA7351B217C9400DC3DA0 /* Release */,
			);
			defaultConfigurationIsVisible = 0;
		};
		5FEFA7361B217C9400DC3DA0 /* Build configuration list for PBXNativeTarget "KYTilePhotoLayout-DemoTests" */ = {
			isa = XCConfigurationList;
			buildConfigurations = (
				5FEFA7371B217C9400DC3DA0 /* Debug */,
				5FEFA7381B217C9400DC3DA0 /* Release */,
			);
			defaultConfigurationIsVisible = 0;
		};
/* End XCConfigurationList section */
	};
	rootObject = 5FEFA7081B217C9400DC3DA0 /* Project object */;
}
